// !$*UTF8*$!
{
	archiveVersion = 1;
	classes = {
	};
	objectVersion = 46;
	objects = {

/* Begin PBXBuildFile section */
		CE3B0DE01C74D6B300574B76 /* metrics.png in Resources */ = {isa = PBXBuildFile; fileRef = CE3B0DDF1C74D6B300574B76 /* metrics.png */; };
		CEC27B211C74C1DA00DF1A8F /* AppDelegate.swift in Sources */ = {isa = PBXBuildFile; fileRef = CEC27B201C74C1DA00DF1A8F /* AppDelegate.swift */; };
		CEC27B231C74C1DA00DF1A8F /* ViewController.swift in Sources */ = {isa = PBXBuildFile; fileRef = CEC27B221C74C1DA00DF1A8F /* ViewController.swift */; };
		CEC27B261C74C1DB00DF1A8F /* Main.storyboard in Resources */ = {isa = PBXBuildFile; fileRef = CEC27B241C74C1DB00DF1A8F /* Main.storyboard */; };
		CEC27B281C74C1DB00DF1A8F /* Assets.xcassets in Resources */ = {isa = PBXBuildFile; fileRef = CEC27B271C74C1DB00DF1A8F /* Assets.xcassets */; };
		CEC27B2B1C74C1DB00DF1A8F /* LaunchScreen.storyboard in Resources */ = {isa = PBXBuildFile; fileRef = CEC27B291C74C1DB00DF1A8F /* LaunchScreen.storyboard */; };
		CEC27B331C74C20100DF1A8F /* UIBezier+Arrow.swift in Sources */ = {isa = PBXBuildFile; fileRef = CEC27B321C74C20100DF1A8F /* UIBezier+Arrow.swift */; };
		CEC27B351C74C5CB00DF1A8F /* ArrowView.swift in Sources */ = {isa = PBXBuildFile; fileRef = CEC27B341C74C5CB00DF1A8F /* ArrowView.swift */; };
/* End PBXBuildFile section */

/* Begin PBXFileReference section */
		CE3B0DDF1C74D6B300574B76 /* metrics.png */ = {isa = PBXFileReference; lastKnownFileType = image.png; path = metrics.png; sourceTree = "<group>"; };
		CEC27B1D1C74C1DA00DF1A8F /* DrawArrow.app */ = {isa = PBXFileReference; explicitFileType = wrapper.application; includeInIndex = 0; path = DrawArrow.app; sourceTree = BUILT_PRODUCTS_DIR; };
		CEC27B201C74C1DA00DF1A8F /* AppDelegate.swift */ = {isa = PBXFileReference; lastKnownFileType = sourcecode.swift; path = AppDelegate.swift; sourceTree = "<group>"; };
		CEC27B221C74C1DA00DF1A8F /* ViewController.swift */ = {isa = PBXFileReference; lastKnownFileType = sourcecode.swift; path = ViewController.swift; sourceTree = "<group>"; };
		CEC27B251C74C1DB00DF1A8F /* Base */ = {isa = PBXFileReference; lastKnownFileType = file.storyboard; name = Base; path = Base.lproj/Main.storyboard; sourceTree = "<group>"; };
		CEC27B271C74C1DB00DF1A8F /* Assets.xcassets */ = {isa = PBXFileReference; lastKnownFileType = folder.assetcatalog; path = Assets.xcassets; sourceTree = "<group>"; };
		CEC27B2A1C74C1DB00DF1A8F /* Base */ = {isa = PBXFileReference; lastKnownFileType = file.storyboard; name = Base; path = Base.lproj/LaunchScreen.storyboard; sourceTree = "<group>"; };
		CEC27B2C1C74C1DB00DF1A8F /* Info.plist */ = {isa = PBXFileReference; lastKnownFileType = text.plist.xml; path = Info.plist; sourceTree = "<group>"; };
		CEC27B321C74C20100DF1A8F /* UIBezier+Arrow.swift */ = {isa = PBXFileReference; fileEncoding = 4; lastKnownFileType = sourcecode.swift; path = "UIBezier+Arrow.swift"; sourceTree = "<group>"; };
		CEC27B341C74C5CB00DF1A8F /* ArrowView.swift */ = {isa = PBXFileReference; fileEncoding = 4; lastKnownFileType = sourcecode.swift; name = ArrowView.swift; path = ../ArrowView.swift; sourceTree = "<group>"; };
/* End PBXFileReference section */

/* Begin PBXFrameworksBuildPhase section */
		CEC27B1A1C74C1DA00DF1A8F /* Frameworks */ = {
			isa = PBXFrameworksBuildPhase;
			buildActionMask = 2147483647;
			files = (
			);
			runOnlyForDeploymentPostprocessing = 0;
		};
/* End PBXFrameworksBuildPhase section */

/* Begin PBXGroup section */
		CEC27B141C74C1DA00DF1A8F = {
			isa = PBXGroup;
			children = (
				CEC27B1F1C74C1DA00DF1A8F /* DrawArrow */,
				CEC27B1E1C74C1DA00DF1A8F /* Products */,
			);
			sourceTree = "<group>";
		};
		CEC27B1E1C74C1DA00DF1A8F /* Products */ = {
			isa = PBXGroup;
			children = (
				CEC27B1D1C74C1DA00DF1A8F /* DrawArrow.app */,
			);
			name = Products;
			sourceTree = "<group>";
		};
		CEC27B1F1C74C1DA00DF1A8F /* DrawArrow */ = {
			isa = PBXGroup;
			children = (
				CEC27B341C74C5CB00DF1A8F /* ArrowView.swift */,
				CEC27B321C74C20100DF1A8F /* UIBezier+Arrow.swift */,
				CEC27B201C74C1DA00DF1A8F /* AppDelegate.swift */,
				CEC27B221C74C1DA00DF1A8F /* ViewController.swift */,
				CEC27B241C74C1DB00DF1A8F /* Main.storyboard */,
				CE3B0DDF1C74D6B300574B76 /* metrics.png */,
				CEC27B271C74C1DB00DF1A8F /* Assets.xcassets */,
				CEC27B291C74C1DB00DF1A8F /* LaunchScreen.storyboard */,
				CEC27B2C1C74C1DB00DF1A8F /* Info.plist */,
			);
			path = DrawArrow;
			sourceTree = "<group>";
		};
/* End PBXGroup section */

/* Begin PBXNativeTarget section */
		CEC27B1C1C74C1DA00DF1A8F /* DrawArrow */ = {
			isa = PBXNativeTarget;
			buildConfigurationList = CEC27B2F1C74C1DB00DF1A8F /* Build configuration list for PBXNativeTarget "DrawArrow" */;
			buildPhases = (
				CEC27B191C74C1DA00DF1A8F /* Sources */,
				CEC27B1A1C74C1DA00DF1A8F /* Frameworks */,
				CEC27B1B1C74C1DA00DF1A8F /* Resources */,
			);
			buildRules = (
			);
			dependencies = (
			);
			name = DrawArrow;
			productName = DrawArrow;
			productReference = CEC27B1D1C74C1DA00DF1A8F /* DrawArrow.app */;
			productType = "com.apple.product-type.application";
		};
/* End PBXNativeTarget section */

/* Begin PBXProject section */
		CEC27B151C74C1DA00DF1A8F /* Project object */ = {
			isa = PBXProject;
			attributes = {
				LastSwiftUpdateCheck = 0720;
				LastUpgradeCheck = 0720;
				ORGANIZATIONNAME = motoom;
				TargetAttributes = {
					CEC27B1C1C74C1DA00DF1A8F = {
						CreatedOnToolsVersion = 7.2.1;
						DevelopmentTeam = T3XCCQ9UET;
					};
				};
			};
			buildConfigurationList = CEC27B181C74C1DA00DF1A8F /* Build configuration list for PBXProject "DrawArrow" */;
			compatibilityVersion = "Xcode 3.2";
			developmentRegion = English;
			hasScannedForEncodings = 0;
			knownRegions = (
				en,
				Base,
			);
			mainGroup = CEC27B141C74C1DA00DF1A8F;
			productRefGroup = CEC27B1E1C74C1DA00DF1A8F /* Products */;
			projectDirPath = "";
			projectRoot = "";
			targets = (
				CEC27B1C1C74C1DA00DF1A8F /* DrawArrow */,
			);
		};
/* End PBXProject section */

/* Begin PBXResourcesBuildPhase section */
		CEC27B1B1C74C1DA00DF1A8F /* Resources */ = {
			isa = PBXResourcesBuildPhase;
			buildActionMask = 2147483647;
			files = (
				CEC27B2B1C74C1DB00DF1A8F /* LaunchScreen.storyboard in Resources */,
				CE3B0DE01C74D6B300574B76 /* metrics.png in Resources */,
				CEC27B281C74C1DB00DF1A8F /* Assets.xcassets in Resources */,
				CEC27B261C74C1DB00DF1A8F /* Main.storyboard in Resources */,
			);
			runOnlyForDeploymentPostprocessing = 0;
		};
/* End PBXResourcesBuildPhase section */

/* Begin PBXSourcesBuildPhase section */
		CEC27B191C74C1DA00DF1A8F /* Sources */ = {
			isa = PBXSourcesBuildPhase;
			buildActionMask = 2147483647;
			files = (
				CEC27B351C74C5CB00DF1A8F /* ArrowView.swift in Sources */,
				CEC27B231C74C1DA00DF1A8F /* ViewController.swift in Sources */,
				CEC27B211C74C1DA00DF1A8F /* AppDelegate.swift in Sources */,
				CEC27B331C74C20100DF1A8F /* UIBezier+Arrow.swift in Sources */,
			);
			runOnlyForDeploymentPostprocessing = 0;
		};
/* End PBXSourcesBuildPhase section */

/* Begin PBXVariantGroup section */
		CEC27B241C74C1DB00DF1A8F /* Main.storyboard */ = {
			isa = PBXVariantGroup;
			children = (
				CEC27B251C74C1DB00DF1A8F /* Base */,
			);
			name = Main.storyboard;
			sourceTree = "<group>";
		};
		CEC27B291C74C1DB00DF1A8F /* LaunchScreen.storyboard */ = {
			isa = PBXVariantGroup;
			children = (
				CEC27B2A1C74C1DB00DF1A8F /* Base */,
			);
			name = LaunchScreen.storyboard;
			sourceTree = "<group>";
		};
/* End PBXVariantGroup section */

/* Begin XCBuildConfiguration section */
		CEC27B2D1C74C1DB00DF1A8F /* Debug */ = {
			isa = XCBuildConfiguration;
			buildSettings = {
				ALWAYS_SEARCH_USER_PATHS = NO;
				CLANG_CXX_LANGUAGE_STANDARD = "gnu++0x";
				CLANG_CXX_LIBRARY = "libc++";
				CLANG_ENABLE_MODULES = YES;
				CLANG_ENABLE_OBJC_ARC = YES;
				CLANG_WARN_BOOL_CONVERSION = YES;
				CLANG_WARN_CONSTANT_CONVERSION = YES;
				CLANG_WARN_DIRECT_OBJC_ISA_USAGE = YES_ERROR;
				CLANG_WARN_EMPTY_BODY = YES;
				CLANG_WARN_ENUM_CONVERSION = YES;
				CLANG_WARN_INT_CONVERSION = YES;
				CLANG_WARN_OBJC_ROOT_CLASS = YES_ERROR;
				CLANG_WARN_UNREACHABLE_CODE = YES;
				CLANG_WARN__DUPLICATE_METHOD_MATCH = YES;
				"CODE_SIGN_IDENTITY[sdk=iphoneos*]" = "iPhone Developer";
				COPY_PHASE_STRIP = NO;
				DEBUG_INFORMATION_FORMAT = dwarf;
				ENABLE_STRICT_OBJC_MSGSEND = YES;
				ENABLE_TESTABILITY = YES;
				GCC_C_LANGUAGE_STANDARD = gnu99;
				GCC_DYNAMIC_NO_PIC = NO;
				GCC_NO_COMMON_BLOCKS = YES;
				GCC_OPTIMIZATION_LEVEL = 0;
				GCC_PREPROCESSOR_DEFINITIONS = (
					"DEBUG=1",
					"$(inherited)",
				);
				GCC_WARN_64_TO_32_BIT_CONVERSION = YES;
				GCC_WARN_ABOUT_RETURN_TYPE = YES_ERROR;
				GCC_WARN_UNDECLARED_SELECTOR = YES;
				GCC_WARN_UNINITIALIZED_AUTOS = YES_AGGRESSIVE;
				GCC_WARN_UNUSED_FUNCTION = YES;
				GCC_WARN_UNUSED_VARIABLE = YES;
				IPHONEOS_DEPLOYMENT_TARGET = 9.2;
				MTL_ENABLE_DEBUG_INFO = YES;
				ONLY_ACTIVE_ARCH = YES;
				SDKROOT = iphoneos;
				SWIFT_OPTIMIZATION_LEVEL = "-Onone";
			};
			name = Debug;
		};
		CEC27B2E1C74C1DB00DF1A8F /* Release */ = {
			isa = XCBuildConfiguration;
			buildSettings = {
				ALWAYS_SEARCH_USER_PATHS = NO;
				CLANG_CXX_LANGUAGE_STANDARD = "gnu++0x";
				CLANG_CXX_LIBRARY = "libc++";
				CLANG_ENABLE_MODULES = YES;
				CLANG_ENABLE_OBJC_ARC = YES;
				CLANG_WARN_BOOL_CONVERSION = YES;
				CLANG_WARN_CONSTANT_CONVERSION = YES;
				CLANG_WARN_DIRECT_OBJC_ISA_USAGE = YES_ERROR;
				CLANG_WARN_EMPTY_BODY = YES;
				CLANG_WARN_ENUM_CONVERSION = YES;
				CLANG_WARN_INT_CONVERSION = YES;
				CLANG_WARN_OBJC_ROOT_CLASS = YES_ERROR;
				CLANG_WARN_UNREACHABLE_CODE = YES;
				CLANG_WARN__DUPLICATE_METHOD_MATCH = YES;
				"CODE_SIGN_IDENTITY[sdk=iphoneos*]" = "iPhone Developer";
				COPY_PHASE_STRIP = NO;
				DEBUG_INFORMATION_FORMAT = "dwarf-with-dsym";
				ENABLE_NS_ASSERTIONS = NO;
				ENABLE_STRICT_OBJC_MSGSEND = YES;
				GCC_C_LANGUAGE_STANDARD = gnu99;
				GCC_NO_COMMON_BLOCKS = YES;
				GCC_WARN_64_TO_32_BIT_CONVERSION = YES;
				GCC_WARN_ABOUT_RETURN_TYPE = YES_ERROR;
				GCC_WARN_UNDECLARED_SELECTOR = YES;
				GCC_WARN_UNINITIALIZED_AUTOS = YES_AGGRESSIVE;
				GCC_WARN_UNUSED_FUNCTION = YES;
				GCC_WARN_UNUSED_VARIABLE = YES;
				IPHONEOS_DEPLOYMENT_TARGET = 9.2;
				MTL_ENABLE_DEBUG_INFO = NO;
				SDKROOT = iphoneos;
				VALIDATE_PRODUCT = YES;
			};
			name = Release;
		};
		CEC27B301C74C1DB00DF1A8F /* Debug */ = {
			isa = XCBuildConfiguration;
			buildSettings = {
				ASSETCATALOG_COMPILER_APPICON_NAME = AppIcon;
				CODE_SIGN_IDENTITY = "iPhone Developer";
				INFOPLIST_FILE = DrawArrow/Info.plist;
				LD_RUNPATH_SEARCH_PATHS = "$(inherited) @executable_path/Frameworks";
				PRODUCT_BUNDLE_IDENTIFIER = com.github.motoom.DrawArrow;
				PRODUCT_NAME = "$(TARGET_NAME)";
				TARGETED_DEVICE_FAMILY = "1,2";
			};
			name = Debug;
		};
		CEC27B311C74C1DB00DF1A8F /* Release */ = {
			isa = XCBuildConfiguration;
			buildSettings = {
				ASSETCATALOG_COMPILER_APPICON_NAME = AppIcon;
				CODE_SIGN_IDENTITY = "iPhone Developer";
				INFOPLIST_FILE = DrawArrow/Info.plist;
				LD_RUNPATH_SEARCH_PATHS = "$(inherited) @executable_path/Frameworks";
				PRODUCT_BUNDLE_IDENTIFIER = com.github.motoom.DrawArrow;
				PRODUCT_NAME = "$(TARGET_NAME)";
				TARGETED_DEVICE_FAMILY = "1,2";
			};
			name = Release;
		};
/* End XCBuildConfiguration section */

/* Begin XCConfigurationList section */
		CEC27B181C74C1DA00DF1A8F /* Build configuration list for PBXProject "DrawArrow" */ = {
			isa = XCConfigurationList;
			buildConfigurations = (
				CEC27B2D1C74C1DB00DF1A8F /* Debug */,
				CEC27B2E1C74C1DB00DF1A8F /* Release */,
			);
			defaultConfigurationIsVisible = 0;
			defaultConfigurationName = Release;
		};
		CEC27B2F1C74C1DB00DF1A8F /* Build configuration list for PBXNativeTarget "DrawArrow" */ = {
			isa = XCConfigurationList;
			buildConfigurations = (
				CEC27B301C74C1DB00DF1A8F /* Debug */,
				CEC27B311C74C1DB00DF1A8F /* Release */,
			);
			defaultConfigurationIsVisible = 0;
			defaultConfigurationName = Release;
		};
/* End XCConfigurationList section */
	};
	rootObject = CEC27B151C74C1DA00DF1A8F /* Project object */;
}
