// !$*UTF8*$!
{
	archiveVersion = 1;
	classes = {
	};
	objectVersion = 46;
	objects = {

/* Begin PBXBuildFile section */
		CECC234C1D686C5D00354A96 /* AppDelegate.swift in Sources */ = {isa = PBXBuildFile; fileRef = CECC234B1D686C5D00354A96 /* AppDelegate.swift */; };
		CECC234E1D686C5D00354A96 /* ViewController.swift in Sources */ = {isa = PBXBuildFile; fileRef = CECC234D1D686C5D00354A96 /* ViewController.swift */; };
		CECC23511D686C5D00354A96 /* Main.storyboard in Resources */ = {isa = PBXBuildFile; fileRef = CECC234F1D686C5D00354A96 /* Main.storyboard */; };
		CECC23531D686C5D00354A96 /* Assets.xcassets in Resources */ = {isa = PBXBuildFile; fileRef = CECC23521D686C5D00354A96 /* Assets.xcassets */; };
		CECC23561D686C5D00354A96 /* LaunchScreen.storyboard in Resources */ = {isa = PBXBuildFile; fileRef = CECC23541D686C5D00354A96 /* LaunchScreen.storyboard */; };
		CECC235F1D68710200354A96 /* Adressering.swift in Sources */ = {isa = PBXBuildFile; fileRef = CECC235E1D68710200354A96 /* Adressering.swift */; };
		CECC23611D6871F900354A96 /* Archiver.swift in Sources */ = {isa = PBXBuildFile; fileRef = CECC23601D6871F900354A96 /* Archiver.swift */; };
/* End PBXBuildFile section */

/* Begin PBXFileReference section */
		CECC23481D686C5D00354A96 /* Archiving.app */ = {isa = PBXFileReference; explicitFileType = wrapper.application; includeInIndex = 0; path = Archiving.app; sourceTree = BUILT_PRODUCTS_DIR; };
		CECC234B1D686C5D00354A96 /* AppDelegate.swift */ = {isa = PBXFileReference; lastKnownFileType = sourcecode.swift; path = AppDelegate.swift; sourceTree = "<group>"; };
		CECC234D1D686C5D00354A96 /* ViewController.swift */ = {isa = PBXFileReference; lastKnownFileType = sourcecode.swift; path = ViewController.swift; sourceTree = "<group>"; };
		CECC23501D686C5D00354A96 /* Base */ = {isa = PBXFileReference; lastKnownFileType = file.storyboard; name = Base; path = Base.lproj/Main.storyboard; sourceTree = "<group>"; };
		CECC23521D686C5D00354A96 /* Assets.xcassets */ = {isa = PBXFileReference; lastKnownFileType = folder.assetcatalog; path = Assets.xcassets; sourceTree = "<group>"; };
		CECC23551D686C5D00354A96 /* Base */ = {isa = PBXFileReference; lastKnownFileType = file.storyboard; name = Base; path = Base.lproj/LaunchScreen.storyboard; sourceTree = "<group>"; };
		CECC23571D686C5D00354A96 /* Info.plist */ = {isa = PBXFileReference; lastKnownFileType = text.plist.xml; path = Info.plist; sourceTree = "<group>"; };
		CECC235E1D68710200354A96 /* Adressering.swift */ = {isa = PBXFileReference; fileEncoding = 4; lastKnownFileType = sourcecode.swift; path = Adressering.swift; sourceTree = "<group>"; };
		CECC23601D6871F900354A96 /* Archiver.swift */ = {isa = PBXFileReference; fileEncoding = 4; lastKnownFileType = sourcecode.swift; path = Archiver.swift; sourceTree = "<group>"; };
/* End PBXFileReference section */

/* Begin PBXFrameworksBuildPhase section */
		CECC23451D686C5D00354A96 /* Frameworks */ = {
			isa = PBXFrameworksBuildPhase;
			buildActionMask = 2147483647;
			files = (
			);
			runOnlyForDeploymentPostprocessing = 0;
		};
/* End PBXFrameworksBuildPhase section */

/* Begin PBXGroup section */
		CECC233F1D686C5D00354A96 = {
			isa = PBXGroup;
			children = (
				CECC234A1D686C5D00354A96 /* Archiving */,
				CECC23491D686C5D00354A96 /* Products */,
			);
			sourceTree = "<group>";
		};
		CECC23491D686C5D00354A96 /* Products */ = {
			isa = PBXGroup;
			children = (
				CECC23481D686C5D00354A96 /* Archiving.app */,
			);
			name = Products;
			sourceTree = "<group>";
		};
		CECC234A1D686C5D00354A96 /* Archiving */ = {
			isa = PBXGroup;
			children = (
				CECC234D1D686C5D00354A96 /* ViewController.swift */,
				CECC23601D6871F900354A96 /* Archiver.swift */,
				CECC235E1D68710200354A96 /* Adressering.swift */,
				CECC234F1D686C5D00354A96 /* Main.storyboard */,
				CECC235D1D686C6A00354A96 /* Supporting files */,
			);
			path = Archiving;
			sourceTree = "<group>";
		};
		CECC235D1D686C6A00354A96 /* Supporting files */ = {
			isa = PBXGroup;
			children = (
				CECC234B1D686C5D00354A96 /* AppDelegate.swift */,
				CECC23521D686C5D00354A96 /* Assets.xcassets */,
				CECC23541D686C5D00354A96 /* LaunchScreen.storyboard */,
				CECC23571D686C5D00354A96 /* Info.plist */,
			);
			name = "Supporting files";
			sourceTree = "<group>";
		};
/* End PBXGroup section */

/* Begin PBXNativeTarget section */
		CECC23471D686C5D00354A96 /* Archiving */ = {
			isa = PBXNativeTarget;
			buildConfigurationList = CECC235A1D686C5D00354A96 /* Build configuration list for PBXNativeTarget "Archiving" */;
			buildPhases = (
				CECC23441D686C5D00354A96 /* Sources */,
				CECC23451D686C5D00354A96 /* Frameworks */,
				CECC23461D686C5D00354A96 /* Resources */,
			);
			buildRules = (
			);
			dependencies = (
			);
			name = Archiving;
			productName = Archiving;
			productReference = CECC23481D686C5D00354A96 /* Archiving.app */;
			productType = "com.apple.product-type.application";
		};
/* End PBXNativeTarget section */

/* Begin PBXProject section */
		CECC23401D686C5D00354A96 /* Project object */ = {
			isa = PBXProject;
			attributes = {
				LastSwiftUpdateCheck = 0720;
				LastUpgradeCheck = 0720;
				ORGANIZATIONNAME = motoom;
				TargetAttributes = {
					CECC23471D686C5D00354A96 = {
						CreatedOnToolsVersion = 7.2.1;
					};
				};
			};
			buildConfigurationList = CECC23431D686C5D00354A96 /* Build configuration list for PBXProject "Archiving" */;
			compatibilityVersion = "Xcode 3.2";
			developmentRegion = English;
			hasScannedForEncodings = 0;
			knownRegions = (
				en,
				Base,
			);
			mainGroup = CECC233F1D686C5D00354A96;
			productRefGroup = CECC23491D686C5D00354A96 /* Products */;
			projectDirPath = "";
			projectRoot = "";
			targets = (
				CECC23471D686C5D00354A96 /* Archiving */,
			);
		};
/* End PBXProject section */

/* Begin PBXResourcesBuildPhase section */
		CECC23461D686C5D00354A96 /* Resources */ = {
			isa = PBXResourcesBuildPhase;
			buildActionMask = 2147483647;
			files = (
				CECC23561D686C5D00354A96 /* LaunchScreen.storyboard in Resources */,
				CECC23531D686C5D00354A96 /* Assets.xcassets in Resources */,
				CECC23511D686C5D00354A96 /* Main.storyboard in Resources */,
			);
			runOnlyForDeploymentPostprocessing = 0;
		};
/* End PBXResourcesBuildPhase section */

/* Begin PBXSourcesBuildPhase section */
		CECC23441D686C5D00354A96 /* Sources */ = {
			isa = PBXSourcesBuildPhase;
			buildActionMask = 2147483647;
			files = (
				CECC234E1D686C5D00354A96 /* ViewController.swift in Sources */,
				CECC23611D6871F900354A96 /* Archiver.swift in Sources */,
				CECC234C1D686C5D00354A96 /* AppDelegate.swift in Sources */,
				CECC235F1D68710200354A96 /* Adressering.swift in Sources */,
			);
			runOnlyForDeploymentPostprocessing = 0;
		};
/* End PBXSourcesBuildPhase section */

/* Begin PBXVariantGroup section */
		CECC234F1D686C5D00354A96 /* Main.storyboard */ = {
			isa = PBXVariantGroup;
			children = (
				CECC23501D686C5D00354A96 /* Base */,
			);
			name = Main.storyboard;
			sourceTree = "<group>";
		};
		CECC23541D686C5D00354A96 /* LaunchScreen.storyboard */ = {
			isa = PBXVariantGroup;
			children = (
				CECC23551D686C5D00354A96 /* Base */,
			);
			name = LaunchScreen.storyboard;
			sourceTree = "<group>";
		};
/* End PBXVariantGroup section */

/* Begin XCBuildConfiguration section */
		CECC23581D686C5D00354A96 /* Debug */ = {
			isa = XCBuildConfiguration;
			buildSettings = {
				ALWAYS_SEARCH_USER_PATHS = NO;
				CLANG_CXX_LANGUAGE_STANDARD = "gnu++0x";
				CLANG_CXX_LIBRARY = "libc++";
				CLANG_ENABLE_MODULES = YES;
				CLANG_ENABLE_OBJC_ARC = YES;
				CLANG_WARN_BOOL_CONVERSION = YES;
				CLANG_WARN_CONSTANT_CONVERSION = YES;
				CLANG_WARN_DIRECT_OBJC_ISA_USAGE = YES_ERROR;
				CLANG_WARN_EMPTY_BODY = YES;
				CLANG_WARN_ENUM_CONVERSION = YES;
				CLANG_WARN_INT_CONVERSION = YES;
				CLANG_WARN_OBJC_ROOT_CLASS = YES_ERROR;
				CLANG_WARN_UNREACHABLE_CODE = YES;
				CLANG_WARN__DUPLICATE_METHOD_MATCH = YES;
				"CODE_SIGN_IDENTITY[sdk=iphoneos*]" = "iPhone Developer";
				COPY_PHASE_STRIP = NO;
				DEBUG_INFORMATION_FORMAT = dwarf;
				ENABLE_STRICT_OBJC_MSGSEND = YES;
				ENABLE_TESTABILITY = YES;
				GCC_C_LANGUAGE_STANDARD = gnu99;
				GCC_DYNAMIC_NO_PIC = NO;
				GCC_NO_COMMON_BLOCKS = YES;
				GCC_OPTIMIZATION_LEVEL = 0;
				GCC_PREPROCESSOR_DEFINITIONS = (
					"DEBUG=1",
					"$(inherited)",
				);
				GCC_WARN_64_TO_32_BIT_CONVERSION = YES;
				GCC_WARN_ABOUT_RETURN_TYPE = YES_ERROR;
				GCC_WARN_UNDECLARED_SELECTOR = YES;
				GCC_WARN_UNINITIALIZED_AUTOS = YES_AGGRESSIVE;
				GCC_WARN_UNUSED_FUNCTION = YES;
				GCC_WARN_UNUSED_VARIABLE = YES;
				IPHONEOS_DEPLOYMENT_TARGET = 9.2;
				MTL_ENABLE_DEBUG_INFO = YES;
				ONLY_ACTIVE_ARCH = YES;
				SDKROOT = iphoneos;
				SWIFT_OPTIMIZATION_LEVEL = "-Onone";
			};
			name = Debug;
		};
		CECC23591D686C5D00354A96 /* Release */ = {
			isa = XCBuildConfiguration;
			buildSettings = {
				ALWAYS_SEARCH_USER_PATHS = NO;
				CLANG_CXX_LANGUAGE_STANDARD = "gnu++0x";
				CLANG_CXX_LIBRARY = "libc++";
				CLANG_ENABLE_MODULES = YES;
				CLANG_ENABLE_OBJC_ARC = YES;
				CLANG_WARN_BOOL_CONVERSION = YES;
				CLANG_WARN_CONSTANT_CONVERSION = YES;
				CLANG_WARN_DIRECT_OBJC_ISA_USAGE = YES_ERROR;
				CLANG_WARN_EMPTY_BODY = YES;
				CLANG_WARN_ENUM_CONVERSION = YES;
				CLANG_WARN_INT_CONVERSION = YES;
				CLANG_WARN_OBJC_ROOT_CLASS = YES_ERROR;
				CLANG_WARN_UNREACHABLE_CODE = YES;
				CLANG_WARN__DUPLICATE_METHOD_MATCH = YES;
				"CODE_SIGN_IDENTITY[sdk=iphoneos*]" = "iPhone Developer";
				COPY_PHASE_STRIP = NO;
				DEBUG_INFORMATION_FORMAT = "dwarf-with-dsym";
				ENABLE_NS_ASSERTIONS = NO;
				ENABLE_STRICT_OBJC_MSGSEND = YES;
				GCC_C_LANGUAGE_STANDARD = gnu99;
				GCC_NO_COMMON_BLOCKS = YES;
				GCC_WARN_64_TO_32_BIT_CONVERSION = YES;
				GCC_WARN_ABOUT_RETURN_TYPE = YES_ERROR;
				GCC_WARN_UNDECLARED_SELECTOR = YES;
				GCC_WARN_UNINITIALIZED_AUTOS = YES_AGGRESSIVE;
				GCC_WARN_UNUSED_FUNCTION = YES;
				GCC_WARN_UNUSED_VARIABLE = YES;
				IPHONEOS_DEPLOYMENT_TARGET = 9.2;
				MTL_ENABLE_DEBUG_INFO = NO;
				SDKROOT = iphoneos;
				VALIDATE_PRODUCT = YES;
			};
			name = Release;
		};
		CECC235B1D686C5D00354A96 /* Debug */ = {
			isa = XCBuildConfiguration;
			buildSettings = {
				ASSETCATALOG_COMPILER_APPICON_NAME = AppIcon;
				INFOPLIST_FILE = Archiving/Info.plist;
				LD_RUNPATH_SEARCH_PATHS = "$(inherited) @executable_path/Frameworks";
				PRODUCT_BUNDLE_IDENTIFIER = com.github.motoom.Archiving;
				PRODUCT_NAME = "$(TARGET_NAME)";
			};
			name = Debug;
		};
		CECC235C1D686C5D00354A96 /* Release */ = {
			isa = XCBuildConfiguration;
			buildSettings = {
				ASSETCATALOG_COMPILER_APPICON_NAME = AppIcon;
				INFOPLIST_FILE = Archiving/Info.plist;
				LD_RUNPATH_SEARCH_PATHS = "$(inherited) @executable_path/Frameworks";
				PRODUCT_BUNDLE_IDENTIFIER = com.github.motoom.Archiving;
				PRODUCT_NAME = "$(TARGET_NAME)";
			};
			name = Release;
		};
/* End XCBuildConfiguration section */

/* Begin XCConfigurationList section */
		CECC23431D686C5D00354A96 /* Build configuration list for PBXProject "Archiving" */ = {
			isa = XCConfigurationList;
			buildConfigurations = (
				CECC23581D686C5D00354A96 /* Debug */,
				CECC23591D686C5D00354A96 /* Release */,
			);
			defaultConfigurationIsVisible = 0;
			defaultConfigurationName = Release;
		};
		CECC235A1D686C5D00354A96 /* Build configuration list for PBXNativeTarget "Archiving" */ = {
			isa = XCConfigurationList;
			buildConfigurations = (
				CECC235B1D686C5D00354A96 /* Debug */,
				CECC235C1D686C5D00354A96 /* Release */,
			);
			defaultConfigurationIsVisible = 0;
		};
/* End XCConfigurationList section */
	};
	rootObject = CECC23401D686C5D00354A96 /* Project object */;
}
