// !$*UTF8*$!
{
	archiveVersion = 1;
	classes = {
	};
	objectVersion = 46;
	objects = {

/* Begin PBXBuildFile section */
		CEF2EE011C8F1E8A005D9B97 /* AppDelegate.swift in Sources */ = {isa = PBXBuildFile; fileRef = CEF2EE001C8F1E8A005D9B97 /* AppDelegate.swift */; };
		CEF2EE031C8F1E8A005D9B97 /* WebinarsController.swift in Sources */ = {isa = PBXBuildFile; fileRef = CEF2EE021C8F1E8A005D9B97 /* WebinarsController.swift */; };
		CEF2EE051C8F1E8A005D9B97 /* LastminutesController.swift in Sources */ = {isa = PBXBuildFile; fileRef = CEF2EE041C8F1E8A005D9B97 /* LastminutesController.swift */; };
		CEF2EE081C8F1E8A005D9B97 /* Main.storyboard in Resources */ = {isa = PBXBuildFile; fileRef = CEF2EE061C8F1E8A005D9B97 /* Main.storyboard */; };
		CEF2EE0A1C8F1E8A005D9B97 /* Assets.xcassets in Resources */ = {isa = PBXBuildFile; fileRef = CEF2EE091C8F1E8A005D9B97 /* Assets.xcassets */; };
		CEF2EE0D1C8F1E8A005D9B97 /* LaunchScreen.storyboard in Resources */ = {isa = PBXBuildFile; fileRef = CEF2EE0B1C8F1E8A005D9B97 /* LaunchScreen.storyboard */; };
		CEF2EE151C8F3B97005D9B97 /* logo.png in Resources */ = {isa = PBXBuildFile; fileRef = CEF2EE141C8F3B97005D9B97 /* logo.png */; };
/* End PBXBuildFile section */

/* Begin PBXFileReference section */
		CEF2EDFD1C8F1E8A005D9B97 /* LearnitContent.app */ = {isa = PBXFileReference; explicitFileType = wrapper.application; includeInIndex = 0; path = LearnitContent.app; sourceTree = BUILT_PRODUCTS_DIR; };
		CEF2EE001C8F1E8A005D9B97 /* AppDelegate.swift */ = {isa = PBXFileReference; lastKnownFileType = sourcecode.swift; path = AppDelegate.swift; sourceTree = "<group>"; };
		CEF2EE021C8F1E8A005D9B97 /* WebinarsController.swift */ = {isa = PBXFileReference; lastKnownFileType = sourcecode.swift; path = WebinarsController.swift; sourceTree = "<group>"; };
		CEF2EE041C8F1E8A005D9B97 /* LastminutesController.swift */ = {isa = PBXFileReference; lastKnownFileType = sourcecode.swift; path = LastminutesController.swift; sourceTree = "<group>"; };
		CEF2EE071C8F1E8A005D9B97 /* Base */ = {isa = PBXFileReference; lastKnownFileType = file.storyboard; name = Base; path = Base.lproj/Main.storyboard; sourceTree = "<group>"; };
		CEF2EE091C8F1E8A005D9B97 /* Assets.xcassets */ = {isa = PBXFileReference; lastKnownFileType = folder.assetcatalog; path = Assets.xcassets; sourceTree = "<group>"; };
		CEF2EE0C1C8F1E8A005D9B97 /* Base */ = {isa = PBXFileReference; lastKnownFileType = file.storyboard; name = Base; path = Base.lproj/LaunchScreen.storyboard; sourceTree = "<group>"; };
		CEF2EE0E1C8F1E8A005D9B97 /* Info.plist */ = {isa = PBXFileReference; lastKnownFileType = text.plist.xml; path = Info.plist; sourceTree = "<group>"; };
		CEF2EE141C8F3B97005D9B97 /* logo.png */ = {isa = PBXFileReference; lastKnownFileType = image.png; path = logo.png; sourceTree = "<group>"; };
/* End PBXFileReference section */

/* Begin PBXFrameworksBuildPhase section */
		CEF2EDFA1C8F1E8A005D9B97 /* Frameworks */ = {
			isa = PBXFrameworksBuildPhase;
			buildActionMask = 2147483647;
			files = (
			);
			runOnlyForDeploymentPostprocessing = 0;
		};
/* End PBXFrameworksBuildPhase section */

/* Begin PBXGroup section */
		CEF2EDF41C8F1E8A005D9B97 = {
			isa = PBXGroup;
			children = (
				CEF2EDFF1C8F1E8A005D9B97 /* LearnitContent */,
				CEF2EDFE1C8F1E8A005D9B97 /* Products */,
			);
			sourceTree = "<group>";
		};
		CEF2EDFE1C8F1E8A005D9B97 /* Products */ = {
			isa = PBXGroup;
			children = (
				CEF2EDFD1C8F1E8A005D9B97 /* LearnitContent.app */,
			);
			name = Products;
			sourceTree = "<group>";
		};
		CEF2EDFF1C8F1E8A005D9B97 /* LearnitContent */ = {
			isa = PBXGroup;
			children = (
				CEF2EE001C8F1E8A005D9B97 /* AppDelegate.swift */,
				CEF2EE021C8F1E8A005D9B97 /* WebinarsController.swift */,
				CEF2EE041C8F1E8A005D9B97 /* LastminutesController.swift */,
				CEF2EE061C8F1E8A005D9B97 /* Main.storyboard */,
				CEF2EE091C8F1E8A005D9B97 /* Assets.xcassets */,
				CEF2EE0B1C8F1E8A005D9B97 /* LaunchScreen.storyboard */,
				CEF2EE0E1C8F1E8A005D9B97 /* Info.plist */,
				CEF2EE141C8F3B97005D9B97 /* logo.png */,
			);
			path = LearnitContent;
			sourceTree = "<group>";
		};
/* End PBXGroup section */

/* Begin PBXNativeTarget section */
		CEF2EDFC1C8F1E8A005D9B97 /* LearnitContent */ = {
			isa = PBXNativeTarget;
			buildConfigurationList = CEF2EE111C8F1E8A005D9B97 /* Build configuration list for PBXNativeTarget "LearnitContent" */;
			buildPhases = (
				CEF2EDF91C8F1E8A005D9B97 /* Sources */,
				CEF2EDFA1C8F1E8A005D9B97 /* Frameworks */,
				CEF2EDFB1C8F1E8A005D9B97 /* Resources */,
			);
			buildRules = (
			);
			dependencies = (
			);
			name = LearnitContent;
			productName = LearnitContent;
			productReference = CEF2EDFD1C8F1E8A005D9B97 /* LearnitContent.app */;
			productType = "com.apple.product-type.application";
		};
/* End PBXNativeTarget section */

/* Begin PBXProject section */
		CEF2EDF51C8F1E8A005D9B97 /* Project object */ = {
			isa = PBXProject;
			attributes = {
				LastSwiftUpdateCheck = 0720;
				LastUpgradeCheck = 0720;
				ORGANIZATIONNAME = motoom;
				TargetAttributes = {
					CEF2EDFC1C8F1E8A005D9B97 = {
						CreatedOnToolsVersion = 7.2.1;
					};
				};
			};
			buildConfigurationList = CEF2EDF81C8F1E8A005D9B97 /* Build configuration list for PBXProject "LearnitContent" */;
			compatibilityVersion = "Xcode 3.2";
			developmentRegion = English;
			hasScannedForEncodings = 0;
			knownRegions = (
				en,
				Base,
			);
			mainGroup = CEF2EDF41C8F1E8A005D9B97;
			productRefGroup = CEF2EDFE1C8F1E8A005D9B97 /* Products */;
			projectDirPath = "";
			projectRoot = "";
			targets = (
				CEF2EDFC1C8F1E8A005D9B97 /* LearnitContent */,
			);
		};
/* End PBXProject section */

/* Begin PBXResourcesBuildPhase section */
		CEF2EDFB1C8F1E8A005D9B97 /* Resources */ = {
			isa = PBXResourcesBuildPhase;
			buildActionMask = 2147483647;
			files = (
				CEF2EE151C8F3B97005D9B97 /* logo.png in Resources */,
				CEF2EE0D1C8F1E8A005D9B97 /* LaunchScreen.storyboard in Resources */,
				CEF2EE0A1C8F1E8A005D9B97 /* Assets.xcassets in Resources */,
				CEF2EE081C8F1E8A005D9B97 /* Main.storyboard in Resources */,
			);
			runOnlyForDeploymentPostprocessing = 0;
		};
/* End PBXResourcesBuildPhase section */

/* Begin PBXSourcesBuildPhase section */
		CEF2EDF91C8F1E8A005D9B97 /* Sources */ = {
			isa = PBXSourcesBuildPhase;
			buildActionMask = 2147483647;
			files = (
				CEF2EE051C8F1E8A005D9B97 /* LastminutesController.swift in Sources */,
				CEF2EE011C8F1E8A005D9B97 /* AppDelegate.swift in Sources */,
				CEF2EE031C8F1E8A005D9B97 /* WebinarsController.swift in Sources */,
			);
			runOnlyForDeploymentPostprocessing = 0;
		};
/* End PBXSourcesBuildPhase section */

/* Begin PBXVariantGroup section */
		CEF2EE061C8F1E8A005D9B97 /* Main.storyboard */ = {
			isa = PBXVariantGroup;
			children = (
				CEF2EE071C8F1E8A005D9B97 /* Base */,
			);
			name = Main.storyboard;
			sourceTree = "<group>";
		};
		CEF2EE0B1C8F1E8A005D9B97 /* LaunchScreen.storyboard */ = {
			isa = PBXVariantGroup;
			children = (
				CEF2EE0C1C8F1E8A005D9B97 /* Base */,
			);
			name = LaunchScreen.storyboard;
			sourceTree = "<group>";
		};
/* End PBXVariantGroup section */

/* Begin XCBuildConfiguration section */
		CEF2EE0F1C8F1E8A005D9B97 /* Debug */ = {
			isa = XCBuildConfiguration;
			buildSettings = {
				ALWAYS_SEARCH_USER_PATHS = NO;
				CLANG_CXX_LANGUAGE_STANDARD = "gnu++0x";
				CLANG_CXX_LIBRARY = "libc++";
				CLANG_ENABLE_MODULES = YES;
				CLANG_ENABLE_OBJC_ARC = YES;
				CLANG_WARN_BOOL_CONVERSION = YES;
				CLANG_WARN_CONSTANT_CONVERSION = YES;
				CLANG_WARN_DIRECT_OBJC_ISA_USAGE = YES_ERROR;
				CLANG_WARN_EMPTY_BODY = YES;
				CLANG_WARN_ENUM_CONVERSION = YES;
				CLANG_WARN_INT_CONVERSION = YES;
				CLANG_WARN_OBJC_ROOT_CLASS = YES_ERROR;
				CLANG_WARN_UNREACHABLE_CODE = YES;
				CLANG_WARN__DUPLICATE_METHOD_MATCH = YES;
				"CODE_SIGN_IDENTITY[sdk=iphoneos*]" = "iPhone Developer";
				COPY_PHASE_STRIP = NO;
				DEBUG_INFORMATION_FORMAT = dwarf;
				ENABLE_STRICT_OBJC_MSGSEND = YES;
				ENABLE_TESTABILITY = YES;
				GCC_C_LANGUAGE_STANDARD = gnu99;
				GCC_DYNAMIC_NO_PIC = NO;
				GCC_NO_COMMON_BLOCKS = YES;
				GCC_OPTIMIZATION_LEVEL = 0;
				GCC_PREPROCESSOR_DEFINITIONS = (
					"DEBUG=1",
					"$(inherited)",
				);
				GCC_WARN_64_TO_32_BIT_CONVERSION = YES;
				GCC_WARN_ABOUT_RETURN_TYPE = YES_ERROR;
				GCC_WARN_UNDECLARED_SELECTOR = YES;
				GCC_WARN_UNINITIALIZED_AUTOS = YES_AGGRESSIVE;
				GCC_WARN_UNUSED_FUNCTION = YES;
				GCC_WARN_UNUSED_VARIABLE = YES;
				IPHONEOS_DEPLOYMENT_TARGET = 9.2;
				MTL_ENABLE_DEBUG_INFO = YES;
				ONLY_ACTIVE_ARCH = YES;
				SDKROOT = iphoneos;
				SWIFT_OPTIMIZATION_LEVEL = "-Onone";
				TARGETED_DEVICE_FAMILY = "1,2";
			};
			name = Debug;
		};
		CEF2EE101C8F1E8A005D9B97 /* Release */ = {
			isa = XCBuildConfiguration;
			buildSettings = {
				ALWAYS_SEARCH_USER_PATHS = NO;
				CLANG_CXX_LANGUAGE_STANDARD = "gnu++0x";
				CLANG_CXX_LIBRARY = "libc++";
				CLANG_ENABLE_MODULES = YES;
				CLANG_ENABLE_OBJC_ARC = YES;
				CLANG_WARN_BOOL_CONVERSION = YES;
				CLANG_WARN_CONSTANT_CONVERSION = YES;
				CLANG_WARN_DIRECT_OBJC_ISA_USAGE = YES_ERROR;
				CLANG_WARN_EMPTY_BODY = YES;
				CLANG_WARN_ENUM_CONVERSION = YES;
				CLANG_WARN_INT_CONVERSION = YES;
				CLANG_WARN_OBJC_ROOT_CLASS = YES_ERROR;
				CLANG_WARN_UNREACHABLE_CODE = YES;
				CLANG_WARN__DUPLICATE_METHOD_MATCH = YES;
				"CODE_SIGN_IDENTITY[sdk=iphoneos*]" = "iPhone Developer";
				COPY_PHASE_STRIP = NO;
				DEBUG_INFORMATION_FORMAT = "dwarf-with-dsym";
				ENABLE_NS_ASSERTIONS = NO;
				ENABLE_STRICT_OBJC_MSGSEND = YES;
				GCC_C_LANGUAGE_STANDARD = gnu99;
				GCC_NO_COMMON_BLOCKS = YES;
				GCC_WARN_64_TO_32_BIT_CONVERSION = YES;
				GCC_WARN_ABOUT_RETURN_TYPE = YES_ERROR;
				GCC_WARN_UNDECLARED_SELECTOR = YES;
				GCC_WARN_UNINITIALIZED_AUTOS = YES_AGGRESSIVE;
				GCC_WARN_UNUSED_FUNCTION = YES;
				GCC_WARN_UNUSED_VARIABLE = YES;
				IPHONEOS_DEPLOYMENT_TARGET = 9.2;
				MTL_ENABLE_DEBUG_INFO = NO;
				SDKROOT = iphoneos;
				TARGETED_DEVICE_FAMILY = "1,2";
				VALIDATE_PRODUCT = YES;
			};
			name = Release;
		};
		CEF2EE121C8F1E8A005D9B97 /* Debug */ = {
			isa = XCBuildConfiguration;
			buildSettings = {
				ASSETCATALOG_COMPILER_APPICON_NAME = AppIcon;
				INFOPLIST_FILE = LearnitContent/Info.plist;
				LD_RUNPATH_SEARCH_PATHS = "$(inherited) @executable_path/Frameworks";
				PRODUCT_BUNDLE_IDENTIFIER = com.github.motoom.LearnitContent;
				PRODUCT_NAME = "$(TARGET_NAME)";
			};
			name = Debug;
		};
		CEF2EE131C8F1E8A005D9B97 /* Release */ = {
			isa = XCBuildConfiguration;
			buildSettings = {
				ASSETCATALOG_COMPILER_APPICON_NAME = AppIcon;
				INFOPLIST_FILE = LearnitContent/Info.plist;
				LD_RUNPATH_SEARCH_PATHS = "$(inherited) @executable_path/Frameworks";
				PRODUCT_BUNDLE_IDENTIFIER = com.github.motoom.LearnitContent;
				PRODUCT_NAME = "$(TARGET_NAME)";
			};
			name = Release;
		};
/* End XCBuildConfiguration section */

/* Begin XCConfigurationList section */
		CEF2EDF81C8F1E8A005D9B97 /* Build configuration list for PBXProject "LearnitContent" */ = {
			isa = XCConfigurationList;
			buildConfigurations = (
				CEF2EE0F1C8F1E8A005D9B97 /* Debug */,
				CEF2EE101C8F1E8A005D9B97 /* Release */,
			);
			defaultConfigurationIsVisible = 0;
			defaultConfigurationName = Release;
		};
		CEF2EE111C8F1E8A005D9B97 /* Build configuration list for PBXNativeTarget "LearnitContent" */ = {
			isa = XCConfigurationList;
			buildConfigurations = (
				CEF2EE121C8F1E8A005D9B97 /* Debug */,
				CEF2EE131C8F1E8A005D9B97 /* Release */,
			);
			defaultConfigurationIsVisible = 0;
		};
/* End XCConfigurationList section */
	};
	rootObject = CEF2EDF51C8F1E8A005D9B97 /* Project object */;
}
