// !$*UTF8*$!
{
	archiveVersion = 1;
	classes = {
	};
	objectVersion = 46;
	objects = {

/* Begin PBXBuildFile section */
		CE48C8111D7F1F690045461E /* Utils.swift in Sources */ = {isa = PBXBuildFile; fileRef = CE48C8101D7F1F690045461E /* Utils.swift */; };
		CEC0F1CE1D82609700F36ACB /* BekijkWandelingController.swift in Sources */ = {isa = PBXBuildFile; fileRef = CEC0F1CD1D82609700F36ACB /* BekijkWandelingController.swift */; };
		CEC0F2161D82CDC300F36ACB /* Persistence.swift in Sources */ = {isa = PBXBuildFile; fileRef = CEC0F2151D82CDC300F36ACB /* Persistence.swift */; };
		CEDA500B1D7E1CCB0059FB96 /* WandelingController.swift in Sources */ = {isa = PBXBuildFile; fileRef = CEDA500A1D7E1CCB0059FB96 /* WandelingController.swift */; };
		CEDA500D1D7E1FDE0059FB96 /* MapKit.framework in Frameworks */ = {isa = PBXBuildFile; fileRef = CEDA500C1D7E1FDE0059FB96 /* MapKit.framework */; };
		CEDA500F1D7E96100059FB96 /* VorigeWandelingenController.swift in Sources */ = {isa = PBXBuildFile; fileRef = CEDA500E1D7E96100059FB96 /* VorigeWandelingenController.swift */; };
		CEEF80431D7D457700C968BD /* AppDelegate.swift in Sources */ = {isa = PBXBuildFile; fileRef = CEEF80421D7D457700C968BD /* AppDelegate.swift */; };
		CEEF80451D7D457700C968BD /* MainController.swift in Sources */ = {isa = PBXBuildFile; fileRef = CEEF80441D7D457700C968BD /* MainController.swift */; };
		CEEF80481D7D457700C968BD /* Main.storyboard in Resources */ = {isa = PBXBuildFile; fileRef = CEEF80461D7D457700C968BD /* Main.storyboard */; };
		CEEF804A1D7D457700C968BD /* Assets.xcassets in Resources */ = {isa = PBXBuildFile; fileRef = CEEF80491D7D457700C968BD /* Assets.xcassets */; };
		CEEF804D1D7D457700C968BD /* LaunchScreen.storyboard in Resources */ = {isa = PBXBuildFile; fileRef = CEEF804B1D7D457700C968BD /* LaunchScreen.storyboard */; };
/* End PBXBuildFile section */

/* Begin PBXFileReference section */
		CE48C8101D7F1F690045461E /* Utils.swift */ = {isa = PBXFileReference; fileEncoding = 4; lastKnownFileType = sourcecode.swift; path = Utils.swift; sourceTree = "<group>"; };
		CEC0F1CD1D82609700F36ACB /* BekijkWandelingController.swift */ = {isa = PBXFileReference; fileEncoding = 4; lastKnownFileType = sourcecode.swift; path = BekijkWandelingController.swift; sourceTree = "<group>"; };
		CEC0F2151D82CDC300F36ACB /* Persistence.swift */ = {isa = PBXFileReference; fileEncoding = 4; lastKnownFileType = sourcecode.swift; path = Persistence.swift; sourceTree = "<group>"; };
		CEDA500A1D7E1CCB0059FB96 /* WandelingController.swift */ = {isa = PBXFileReference; fileEncoding = 4; lastKnownFileType = sourcecode.swift; path = WandelingController.swift; sourceTree = "<group>"; };
		CEDA500C1D7E1FDE0059FB96 /* MapKit.framework */ = {isa = PBXFileReference; lastKnownFileType = wrapper.framework; name = MapKit.framework; path = System/Library/Frameworks/MapKit.framework; sourceTree = SDKROOT; };
		CEDA500E1D7E96100059FB96 /* VorigeWandelingenController.swift */ = {isa = PBXFileReference; fileEncoding = 4; lastKnownFileType = sourcecode.swift; path = VorigeWandelingenController.swift; sourceTree = "<group>"; };
		CEEF803F1D7D457700C968BD /* TeVoet.app */ = {isa = PBXFileReference; explicitFileType = wrapper.application; includeInIndex = 0; path = TeVoet.app; sourceTree = BUILT_PRODUCTS_DIR; };
		CEEF80421D7D457700C968BD /* AppDelegate.swift */ = {isa = PBXFileReference; lastKnownFileType = sourcecode.swift; path = AppDelegate.swift; sourceTree = "<group>"; };
		CEEF80441D7D457700C968BD /* MainController.swift */ = {isa = PBXFileReference; lastKnownFileType = sourcecode.swift; path = MainController.swift; sourceTree = "<group>"; };
		CEEF80471D7D457700C968BD /* Base */ = {isa = PBXFileReference; lastKnownFileType = file.storyboard; name = Base; path = Base.lproj/Main.storyboard; sourceTree = "<group>"; };
		CEEF80491D7D457700C968BD /* Assets.xcassets */ = {isa = PBXFileReference; lastKnownFileType = folder.assetcatalog; path = Assets.xcassets; sourceTree = "<group>"; };
		CEEF804C1D7D457700C968BD /* Base */ = {isa = PBXFileReference; lastKnownFileType = file.storyboard; name = Base; path = Base.lproj/LaunchScreen.storyboard; sourceTree = "<group>"; };
		CEEF804E1D7D457700C968BD /* Info.plist */ = {isa = PBXFileReference; lastKnownFileType = text.plist.xml; path = Info.plist; sourceTree = "<group>"; };
/* End PBXFileReference section */

/* Begin PBXFrameworksBuildPhase section */
		CEEF803C1D7D457600C968BD /* Frameworks */ = {
			isa = PBXFrameworksBuildPhase;
			buildActionMask = 2147483647;
			files = (
				CEDA500D1D7E1FDE0059FB96 /* MapKit.framework in Frameworks */,
			);
			runOnlyForDeploymentPostprocessing = 0;
		};
/* End PBXFrameworksBuildPhase section */

/* Begin PBXGroup section */
		CEEF80361D7D457600C968BD = {
			isa = PBXGroup;
			children = (
				CEDA500C1D7E1FDE0059FB96 /* MapKit.framework */,
				CEEF80411D7D457700C968BD /* TeVoet */,
				CEEF80401D7D457700C968BD /* Products */,
			);
			sourceTree = "<group>";
		};
		CEEF80401D7D457700C968BD /* Products */ = {
			isa = PBXGroup;
			children = (
				CEEF803F1D7D457700C968BD /* TeVoet.app */,
			);
			name = Products;
			sourceTree = "<group>";
		};
		CEEF80411D7D457700C968BD /* TeVoet */ = {
			isa = PBXGroup;
			children = (
				CEEF80421D7D457700C968BD /* AppDelegate.swift */,
				CEEF80441D7D457700C968BD /* MainController.swift */,
				CEDA500A1D7E1CCB0059FB96 /* WandelingController.swift */,
				CEDA500E1D7E96100059FB96 /* VorigeWandelingenController.swift */,
				CEC0F1CD1D82609700F36ACB /* BekijkWandelingController.swift */,
				CEEF80461D7D457700C968BD /* Main.storyboard */,
				CEEF80491D7D457700C968BD /* Assets.xcassets */,
				CEEF804B1D7D457700C968BD /* LaunchScreen.storyboard */,
				CEEF804E1D7D457700C968BD /* Info.plist */,
				CE48C8101D7F1F690045461E /* Utils.swift */,
				CEC0F2151D82CDC300F36ACB /* Persistence.swift */,
			);
			path = TeVoet;
			sourceTree = "<group>";
		};
/* End PBXGroup section */

/* Begin PBXNativeTarget section */
		CEEF803E1D7D457600C968BD /* TeVoet */ = {
			isa = PBXNativeTarget;
			buildConfigurationList = CEEF80511D7D457700C968BD /* Build configuration list for PBXNativeTarget "TeVoet" */;
			buildPhases = (
				CEEF803B1D7D457600C968BD /* Sources */,
				CEEF803C1D7D457600C968BD /* Frameworks */,
				CEEF803D1D7D457600C968BD /* Resources */,
			);
			buildRules = (
			);
			dependencies = (
			);
			name = TeVoet;
			productName = TeVoet;
			productReference = CEEF803F1D7D457700C968BD /* TeVoet.app */;
			productType = "com.apple.product-type.application";
		};
/* End PBXNativeTarget section */

/* Begin PBXProject section */
		CEEF80371D7D457600C968BD /* Project object */ = {
			isa = PBXProject;
			attributes = {
				LastSwiftUpdateCheck = 0720;
				LastUpgradeCheck = 0720;
				ORGANIZATIONNAME = motoom;
				TargetAttributes = {
					CEEF803E1D7D457600C968BD = {
						CreatedOnToolsVersion = 7.2.1;
						SystemCapabilities = {
							com.apple.BackgroundModes = {
								enabled = 1;
							};
							com.apple.Maps.iOS = {
								enabled = 1;
							};
						};
					};
				};
			};
			buildConfigurationList = CEEF803A1D7D457600C968BD /* Build configuration list for PBXProject "TeVoet" */;
			compatibilityVersion = "Xcode 3.2";
			developmentRegion = English;
			hasScannedForEncodings = 0;
			knownRegions = (
				en,
				Base,
			);
			mainGroup = CEEF80361D7D457600C968BD;
			productRefGroup = CEEF80401D7D457700C968BD /* Products */;
			projectDirPath = "";
			projectRoot = "";
			targets = (
				CEEF803E1D7D457600C968BD /* TeVoet */,
			);
		};
/* End PBXProject section */

/* Begin PBXResourcesBuildPhase section */
		CEEF803D1D7D457600C968BD /* Resources */ = {
			isa = PBXResourcesBuildPhase;
			buildActionMask = 2147483647;
			files = (
				CEEF804D1D7D457700C968BD /* LaunchScreen.storyboard in Resources */,
				CEEF804A1D7D457700C968BD /* Assets.xcassets in Resources */,
				CEEF80481D7D457700C968BD /* Main.storyboard in Resources */,
			);
			runOnlyForDeploymentPostprocessing = 0;
		};
/* End PBXResourcesBuildPhase section */

/* Begin PBXSourcesBuildPhase section */
		CEEF803B1D7D457600C968BD /* Sources */ = {
			isa = PBXSourcesBuildPhase;
			buildActionMask = 2147483647;
			files = (
				CE48C8111D7F1F690045461E /* Utils.swift in Sources */,
				CEDA500F1D7E96100059FB96 /* VorigeWandelingenController.swift in Sources */,
				CEEF80451D7D457700C968BD /* MainController.swift in Sources */,
				CEC0F2161D82CDC300F36ACB /* Persistence.swift in Sources */,
				CEC0F1CE1D82609700F36ACB /* BekijkWandelingController.swift in Sources */,
				CEDA500B1D7E1CCB0059FB96 /* WandelingController.swift in Sources */,
				CEEF80431D7D457700C968BD /* AppDelegate.swift in Sources */,
			);
			runOnlyForDeploymentPostprocessing = 0;
		};
/* End PBXSourcesBuildPhase section */

/* Begin PBXVariantGroup section */
		CEEF80461D7D457700C968BD /* Main.storyboard */ = {
			isa = PBXVariantGroup;
			children = (
				CEEF80471D7D457700C968BD /* Base */,
			);
			name = Main.storyboard;
			sourceTree = "<group>";
		};
		CEEF804B1D7D457700C968BD /* LaunchScreen.storyboard */ = {
			isa = PBXVariantGroup;
			children = (
				CEEF804C1D7D457700C968BD /* Base */,
			);
			name = LaunchScreen.storyboard;
			sourceTree = "<group>";
		};
/* End PBXVariantGroup section */

/* Begin XCBuildConfiguration section */
		CEEF804F1D7D457700C968BD /* Debug */ = {
			isa = XCBuildConfiguration;
			buildSettings = {
				ALWAYS_SEARCH_USER_PATHS = NO;
				CLANG_CXX_LANGUAGE_STANDARD = "gnu++0x";
				CLANG_CXX_LIBRARY = "libc++";
				CLANG_ENABLE_MODULES = YES;
				CLANG_ENABLE_OBJC_ARC = YES;
				CLANG_WARN_BOOL_CONVERSION = YES;
				CLANG_WARN_CONSTANT_CONVERSION = YES;
				CLANG_WARN_DIRECT_OBJC_ISA_USAGE = YES_ERROR;
				CLANG_WARN_EMPTY_BODY = YES;
				CLANG_WARN_ENUM_CONVERSION = YES;
				CLANG_WARN_INT_CONVERSION = YES;
				CLANG_WARN_OBJC_ROOT_CLASS = YES_ERROR;
				CLANG_WARN_UNREACHABLE_CODE = YES;
				CLANG_WARN__DUPLICATE_METHOD_MATCH = YES;
				"CODE_SIGN_IDENTITY[sdk=iphoneos*]" = "iPhone Developer";
				COPY_PHASE_STRIP = NO;
				DEBUG_INFORMATION_FORMAT = dwarf;
				ENABLE_STRICT_OBJC_MSGSEND = YES;
				ENABLE_TESTABILITY = YES;
				GCC_C_LANGUAGE_STANDARD = gnu99;
				GCC_DYNAMIC_NO_PIC = NO;
				GCC_NO_COMMON_BLOCKS = YES;
				GCC_OPTIMIZATION_LEVEL = 0;
				GCC_PREPROCESSOR_DEFINITIONS = (
					"DEBUG=1",
					"$(inherited)",
				);
				GCC_WARN_64_TO_32_BIT_CONVERSION = YES;
				GCC_WARN_ABOUT_RETURN_TYPE = YES_ERROR;
				GCC_WARN_UNDECLARED_SELECTOR = YES;
				GCC_WARN_UNINITIALIZED_AUTOS = YES_AGGRESSIVE;
				GCC_WARN_UNUSED_FUNCTION = YES;
				GCC_WARN_UNUSED_VARIABLE = YES;
				IPHONEOS_DEPLOYMENT_TARGET = 9.2;
				MTL_ENABLE_DEBUG_INFO = YES;
				ONLY_ACTIVE_ARCH = YES;
				SDKROOT = iphoneos;
				SWIFT_OPTIMIZATION_LEVEL = "-Onone";
			};
			name = Debug;
		};
		CEEF80501D7D457700C968BD /* Release */ = {
			isa = XCBuildConfiguration;
			buildSettings = {
				ALWAYS_SEARCH_USER_PATHS = NO;
				CLANG_CXX_LANGUAGE_STANDARD = "gnu++0x";
				CLANG_CXX_LIBRARY = "libc++";
				CLANG_ENABLE_MODULES = YES;
				CLANG_ENABLE_OBJC_ARC = YES;
				CLANG_WARN_BOOL_CONVERSION = YES;
				CLANG_WARN_CONSTANT_CONVERSION = YES;
				CLANG_WARN_DIRECT_OBJC_ISA_USAGE = YES_ERROR;
				CLANG_WARN_EMPTY_BODY = YES;
				CLANG_WARN_ENUM_CONVERSION = YES;
				CLANG_WARN_INT_CONVERSION = YES;
				CLANG_WARN_OBJC_ROOT_CLASS = YES_ERROR;
				CLANG_WARN_UNREACHABLE_CODE = YES;
				CLANG_WARN__DUPLICATE_METHOD_MATCH = YES;
				"CODE_SIGN_IDENTITY[sdk=iphoneos*]" = "iPhone Developer";
				COPY_PHASE_STRIP = NO;
				DEBUG_INFORMATION_FORMAT = "dwarf-with-dsym";
				ENABLE_NS_ASSERTIONS = NO;
				ENABLE_STRICT_OBJC_MSGSEND = YES;
				GCC_C_LANGUAGE_STANDARD = gnu99;
				GCC_NO_COMMON_BLOCKS = YES;
				GCC_WARN_64_TO_32_BIT_CONVERSION = YES;
				GCC_WARN_ABOUT_RETURN_TYPE = YES_ERROR;
				GCC_WARN_UNDECLARED_SELECTOR = YES;
				GCC_WARN_UNINITIALIZED_AUTOS = YES_AGGRESSIVE;
				GCC_WARN_UNUSED_FUNCTION = YES;
				GCC_WARN_UNUSED_VARIABLE = YES;
				IPHONEOS_DEPLOYMENT_TARGET = 9.2;
				MTL_ENABLE_DEBUG_INFO = NO;
				SDKROOT = iphoneos;
				VALIDATE_PRODUCT = YES;
			};
			name = Release;
		};
		CEEF80521D7D457700C968BD /* Debug */ = {
			isa = XCBuildConfiguration;
			buildSettings = {
				ASSETCATALOG_COMPILER_APPICON_NAME = AppIcon;
				INFOPLIST_FILE = TeVoet/Info.plist;
				LD_RUNPATH_SEARCH_PATHS = "$(inherited) @executable_path/Frameworks";
				PRODUCT_BUNDLE_IDENTIFIER = com.github.motoom.TeVoet;
				PRODUCT_NAME = "$(TARGET_NAME)";
			};
			name = Debug;
		};
		CEEF80531D7D457700C968BD /* Release */ = {
			isa = XCBuildConfiguration;
			buildSettings = {
				ASSETCATALOG_COMPILER_APPICON_NAME = AppIcon;
				INFOPLIST_FILE = TeVoet/Info.plist;
				LD_RUNPATH_SEARCH_PATHS = "$(inherited) @executable_path/Frameworks";
				PRODUCT_BUNDLE_IDENTIFIER = com.github.motoom.TeVoet;
				PRODUCT_NAME = "$(TARGET_NAME)";
			};
			name = Release;
		};
/* End XCBuildConfiguration section */

/* Begin XCConfigurationList section */
		CEEF803A1D7D457600C968BD /* Build configuration list for PBXProject "TeVoet" */ = {
			isa = XCConfigurationList;
			buildConfigurations = (
				CEEF804F1D7D457700C968BD /* Debug */,
				CEEF80501D7D457700C968BD /* Release */,
			);
			defaultConfigurationIsVisible = 0;
			defaultConfigurationName = Release;
		};
		CEEF80511D7D457700C968BD /* Build configuration list for PBXNativeTarget "TeVoet" */ = {
			isa = XCConfigurationList;
			buildConfigurations = (
				CEEF80521D7D457700C968BD /* Debug */,
				CEEF80531D7D457700C968BD /* Release */,
			);
			defaultConfigurationIsVisible = 0;
			defaultConfigurationName = Release;
		};
/* End XCConfigurationList section */
	};
	rootObject = CEEF80371D7D457600C968BD /* Project object */;
}
